{
  "pins" : [
    {
      "identity" : "rxbluetoothkit",
      "kind" : "remoteSourceControl",
      "location" : "https://github.com/Airthings/RxBluetoothKit.git",
      "state" : {
        "revision" : "f6ecae04fe124cc88eb2e59dc5ca3a5ce0489bcf",
        "version" : "6.2.0"
      }
    },
    {
      "identity" : "rxswift",
      "kind" : "remoteSourceControl",
      "location" : "https://github.com/ReactiveX/RxSwift.git",
      "state" : {
        "revision" : "b4307ba0b6425c0ba4178e138799946c3da594f8",
        "version" : "6.5.0"
      }
    }
  ],
  "version" : 2
}
